// !$*UTF8*$!
{
	archiveVersion = 1;
	classes = {
	};
	objectVersion = 77;
	objects = {

/* Begin PBXContainerItemProxy section */
		68E179C82D3E6AE100825EE6 /* PBXContainerItemProxy */ = {
			isa = PBXContainerItemProxy;
			containerPortal = 68E179AF2D3E6AE000825EE6 /* Project object */;
			proxyType = 1;
			remoteGlobalIDString = 68E179B62D3E6AE000825EE6;
			remoteInfo = Quiz_Cap;
		};
		68E179D22D3E6AE100825EE6 /* PBXContainerItemProxy */ = {
			isa = PBXContainerItemProxy;
			containerPortal = 68E179AF2D3E6AE000825EE6 /* Project object */;
			proxyType = 1;
			remoteGlobalIDString = 68E179B62D3E6AE000825EE6;
			remoteInfo = Quiz_Cap;
		};
/* End PBXContainerItemProxy section */

/* Begin PBXFileReference section */
		68E179B72D3E6AE000825EE6 /* Quiz_Cap.app */ = {isa = PBXFileReference; explicitFileType = wrapper.application; includeInIndex = 0; path = Quiz_Cap.app; sourceTree = BUILT_PRODUCTS_DIR; };
		68E179C72D3E6AE100825EE6 /* Quiz_CapTests.xctest */ = {isa = PBXFileReference; explicitFileType = wrapper.cfbundle; includeInIndex = 0; path = Quiz_CapTests.xctest; sourceTree = BUILT_PRODUCTS_DIR; };
		68E179D12D3E6AE100825EE6 /* Quiz_CapUITests.xctest */ = {isa = PBXFileReference; explicitFileType = wrapper.cfbundle; includeInIndex = 0; path = Quiz_CapUITests.xctest; sourceTree = BUILT_PRODUCTS_DIR; };
/* End PBXFileReference section */

/* Begin PBXFileSystemSynchronizedRootGroup section */
		68E179B92D3E6AE000825EE6 /* Quiz_Cap */ = {
			isa = PBXFileSystemSynchronizedRootGroup;
			path = Quiz_Cap;
			sourceTree = "<group>";
		};
		68E179CA2D3E6AE100825EE6 /* Quiz_CapTests */ = {
			isa = PBXFileSystemSynchronizedRootGroup;
			path = Quiz_CapTests;
			sourceTree = "<group>";
		};
		68E179D42D3E6AE100825EE6 /* Quiz_CapUITests */ = {
			isa = PBXFileSystemSynchronizedRootGroup;
			path = Quiz_CapUITests;
			sourceTree = "<group>";
		};
/* End PBXFileSystemSynchronizedRootGroup section */

/* Begin PBXFrameworksBuildPhase section */
		68E179B42D3E6AE000825EE6 /* Frameworks */ = {
			isa = PBXFrameworksBuildPhase;
			buildActionMask = 2147483647;
			files = (
			);
			runOnlyForDeploymentPostprocessing = 0;
		};
		68E179C42D3E6AE100825EE6 /* Frameworks */ = {
			isa = PBXFrameworksBuildPhase;
			buildActionMask = 2147483647;
			files = (
			);
			runOnlyForDeploymentPostprocessing = 0;
		};
		68E179CE2D3E6AE100825EE6 /* Frameworks */ = {
			isa = PBXFrameworksBuildPhase;
			buildActionMask = 2147483647;
			files = (
			);
			runOnlyForDeploymentPostprocessing = 0;
		};
/* End PBXFrameworksBuildPhase section */

/* Begin PBXGroup section */
		68E179AE2D3E6AE000825EE6 = {
			isa = PBXGroup;
			children = (
				68E179B92D3E6AE000825EE6 /* Quiz_Cap */,
				68E179CA2D3E6AE100825EE6 /* Quiz_CapTests */,
				68E179D42D3E6AE100825EE6 /* Quiz_CapUITests */,
				68E179B82D3E6AE000825EE6 /* Products */,
			);
			sourceTree = "<group>";
		};
		68E179B82D3E6AE000825EE6 /* Products */ = {
			isa = PBXGroup;
			children = (
				68E179B72D3E6AE000825EE6 /* Quiz_Cap.app */,
				68E179C72D3E6AE100825EE6 /* Quiz_CapTests.xctest */,
				68E179D12D3E6AE100825EE6 /* Quiz_CapUITests.xctest */,
			);
			name = Products;
			sourceTree = "<group>";
		};
/* End PBXGroup section */

/* Begin PBXNativeTarget section */
		68E179B62D3E6AE000825EE6 /* Quiz_Cap */ = {
			isa = PBXNativeTarget;
			buildConfigurationList = 68E179DB2D3E6AE100825EE6 /* Build configuration list for PBXNativeTarget "Quiz_Cap" */;
			buildPhases = (
				68E179B32D3E6AE000825EE6 /* Sources */,
				68E179B42D3E6AE000825EE6 /* Frameworks */,
				68E179B52D3E6AE000825EE6 /* Resources */,
			);
			buildRules = (
			);
			dependencies = (
			);
			fileSystemSynchronizedGroups = (
				68E179B92D3E6AE000825EE6 /* Quiz_Cap */,
			);
			name = Quiz_Cap;
			packageProductDependencies = (
			);
			productName = Quiz_Cap;
			productReference = 68E179B72D3E6AE000825EE6 /* Quiz_Cap.app */;
			productType = "com.apple.product-type.application";
		};
		68E179C62D3E6AE100825EE6 /* Quiz_CapTests */ = {
			isa = PBXNativeTarget;
			buildConfigurationList = 68E179DE2D3E6AE100825EE6 /* Build configuration list for PBXNativeTarget "Quiz_CapTests" */;
			buildPhases = (
				68E179C32D3E6AE100825EE6 /* Sources */,
				68E179C42D3E6AE100825EE6 /* Frameworks */,
				68E179C52D3E6AE100825EE6 /* Resources */,
			);
			buildRules = (
			);
			dependencies = (
				68E179C92D3E6AE100825EE6 /* PBXTargetDependency */,
			);
			fileSystemSynchronizedGroups = (
				68E179CA2D3E6AE100825EE6 /* Quiz_CapTests */,
			);
			name = Quiz_CapTests;
			packageProductDependencies = (
			);
			productName = Quiz_CapTests;
			productReference = 68E179C72D3E6AE100825EE6 /* Quiz_CapTests.xctest */;
			productType = "com.apple.product-type.bundle.unit-test";
		};
		68E179D02D3E6AE100825EE6 /* Quiz_CapUITests */ = {
			isa = PBXNativeTarget;
			buildConfigurationList = 68E179E12D3E6AE100825EE6 /* Build configuration list for PBXNativeTarget "Quiz_CapUITests" */;
			buildPhases = (
				68E179CD2D3E6AE100825EE6 /* Sources */,
				68E179CE2D3E6AE100825EE6 /* Frameworks */,
				68E179CF2D3E6AE100825EE6 /* Resources */,
			);
			buildRules = (
			);
			dependencies = (
				68E179D32D3E6AE100825EE6 /* PBXTargetDependency */,
			);
			fileSystemSynchronizedGroups = (
				68E179D42D3E6AE100825EE6 /* Quiz_CapUITests */,
			);
			name = Quiz_CapUITests;
			packageProductDependencies = (
			);
			productName = Quiz_CapUITests;
			productReference = 68E179D12D3E6AE100825EE6 /* Quiz_CapUITests.xctest */;
			productType = "com.apple.product-type.bundle.ui-testing";
		};
/* End PBXNativeTarget section */

/* Begin PBXProject section */
		68E179AF2D3E6AE000825EE6 /* Project object */ = {
			isa = PBXProject;
			attributes = {
				BuildIndependentTargetsInParallel = 1;
				LastSwiftUpdateCheck = 1620;
				LastUpgradeCheck = 1620;
				TargetAttributes = {
					68E179B62D3E6AE000825EE6 = {
						CreatedOnToolsVersion = 16.2;
					};
					68E179C62D3E6AE100825EE6 = {
						CreatedOnToolsVersion = 16.2;
						TestTargetID = 68E179B62D3E6AE000825EE6;
					};
					68E179D02D3E6AE100825EE6 = {
						CreatedOnToolsVersion = 16.2;
						TestTargetID = 68E179B62D3E6AE000825EE6;
					};
				};
			};
			buildConfigurationList = 68E179B22D3E6AE000825EE6 /* Build configuration list for PBXProject "Quiz_Cap" */;
			developmentRegion = en;
			hasScannedForEncodings = 0;
			knownRegions = (
				en,
				Base,
			);
			mainGroup = 68E179AE2D3E6AE000825EE6;
			minimizedProjectReferenceProxies = 1;
			preferredProjectObjectVersion = 77;
			productRefGroup = 68E179B82D3E6AE000825EE6 /* Products */;
			projectDirPath = "";
			projectRoot = "";
			targets = (
				68E179B62D3E6AE000825EE6 /* Quiz_Cap */,
				68E179C62D3E6AE100825EE6 /* Quiz_CapTests */,
				68E179D02D3E6AE100825EE6 /* Quiz_CapUITests */,
			);
		};
/* End PBXProject section */

/* Begin PBXResourcesBuildPhase section */
		68E179B52D3E6AE000825EE6 /* Resources */ = {
			isa = PBXResourcesBuildPhase;
			buildActionMask = 2147483647;
			files = (
			);
			runOnlyForDeploymentPostprocessing = 0;
		};
		68E179C52D3E6AE100825EE6 /* Resources */ = {
			isa = PBXResourcesBuildPhase;
			buildActionMask = 2147483647;
			files = (
			);
			runOnlyForDeploymentPostprocessing = 0;
		};
		68E179CF2D3E6AE100825EE6 /* Resources */ = {
			isa = PBXResourcesBuildPhase;
			buildActionMask = 2147483647;
			files = (
			);
			runOnlyForDeploymentPostprocessing = 0;
		};
/* End PBXResourcesBuildPhase section */

/* Begin PBXSourcesBuildPhase section */
		68E179B32D3E6AE000825EE6 /* Sources */ = {
			isa = PBXSourcesBuildPhase;
			buildActionMask = 2147483647;
			files = (
			);
			runOnlyForDeploymentPostprocessing = 0;
		};
		68E179C32D3E6AE100825EE6 /* Sources */ = {
			isa = PBXSourcesBuildPhase;
			buildActionMask = 2147483647;
			files = (
			);
			runOnlyForDeploymentPostprocessing = 0;
		};
		68E179CD2D3E6AE100825EE6 /* Sources */ = {
			isa = PBXSourcesBuildPhase;
			buildActionMask = 2147483647;
			files = (
			);
			runOnlyForDeploymentPostprocessing = 0;
		};
/* End PBXSourcesBuildPhase section */

/* Begin PBXTargetDependency section */
		68E179C92D3E6AE100825EE6 /* PBXTargetDependency */ = {
			isa = PBXTargetDependency;
			target = 68E179B62D3E6AE000825EE6 /* Quiz_Cap */;
			targetProxy = 68E179C82D3E6AE100825EE6 /* PBXContainerItemProxy */;
		};
		68E179D32D3E6AE100825EE6 /* PBXTargetDependency */ = {
			isa = PBXTargetDependency;
			target = 68E179B62D3E6AE000825EE6 /* Quiz_Cap */;
			targetProxy = 68E179D22D3E6AE100825EE6 /* PBXContainerItemProxy */;
		};
/* End PBXTargetDependency section */

/* Begin XCBuildConfiguration section */
		68E179D92D3E6AE100825EE6 /* Debug */ = {
			isa = XCBuildConfiguration;
			buildSettings = {
				ALWAYS_SEARCH_USER_PATHS = NO;
				ASSETCATALOG_COMPILER_GENERATE_SWIFT_ASSET_SYMBOL_EXTENSIONS = YES;
				CLANG_ANALYZER_NONNULL = YES;
				CLANG_ANALYZER_NUMBER_OBJECT_CONVERSION = YES_AGGRESSIVE;
				CLANG_CXX_LANGUAGE_STANDARD = "gnu++20";
				CLANG_ENABLE_MODULES = YES;
				CLANG_ENABLE_OBJC_ARC = YES;
				CLANG_ENABLE_OBJC_WEAK = YES;
				CLANG_WARN_BLOCK_CAPTURE_AUTORELEASING = YES;
				CLANG_WARN_BOOL_CONVERSION = YES;
				CLANG_WARN_COMMA = YES;
				CLANG_WARN_CONSTANT_CONVERSION = YES;
				CLANG_WARN_DEPRECATED_OBJC_IMPLEMENTATIONS = YES;
				CLANG_WARN_DIRECT_OBJC_ISA_USAGE = YES_ERROR;
				CLANG_WARN_DOCUMENTATION_COMMENTS = YES;
				CLANG_WARN_EMPTY_BODY = YES;
				CLANG_WARN_ENUM_CONVERSION = YES;
				CLANG_WARN_INFINITE_RECURSION = YES;
				CLANG_WARN_INT_CONVERSION = YES;
				CLANG_WARN_NON_LITERAL_NULL_CONVERSION = YES;
				CLANG_WARN_OBJC_IMPLICIT_RETAIN_SELF = YES;
				CLANG_WARN_OBJC_LITERAL_CONVERSION = YES;
				CLANG_WARN_OBJC_ROOT_CLASS = YES_ERROR;
				CLANG_WARN_QUOTED_INCLUDE_IN_FRAMEWORK_HEADER = YES;
				CLANG_WARN_RANGE_LOOP_ANALYSIS = YES;
				CLANG_WARN_STRICT_PROTOTYPES = YES;
				CLANG_WARN_SUSPICIOUS_MOVE = YES;
				CLANG_WARN_UNGUARDED_AVAILABILITY = YES_AGGRESSIVE;
				CLANG_WARN_UNREACHABLE_CODE = YES;
				CLANG_WARN__DUPLICATE_METHOD_MATCH = YES;
				COPY_PHASE_STRIP = NO;
				DEBUG_INFORMATION_FORMAT = dwarf;
				ENABLE_STRICT_OBJC_MSGSEND = YES;
				ENABLE_TESTABILITY = YES;
				ENABLE_USER_SCRIPT_SANDBOXING = YES;
				GCC_C_LANGUAGE_STANDARD = gnu17;
				GCC_DYNAMIC_NO_PIC = NO;
				GCC_NO_COMMON_BLOCKS = YES;
				GCC_OPTIMIZATION_LEVEL = 0;
				GCC_PREPROCESSOR_DEFINITIONS = (
					"DEBUG=1",
					"$(inherited)",
				);
				GCC_WARN_64_TO_32_BIT_CONVERSION = YES;
				GCC_WARN_ABOUT_RETURN_TYPE = YES_ERROR;
				GCC_WARN_UNDECLARED_SELECTOR = YES;
				GCC_WARN_UNINITIALIZED_AUTOS = YES_AGGRESSIVE;
				GCC_WARN_UNUSED_FUNCTION = YES;
				GCC_WARN_UNUSED_VARIABLE = YES;
				IPHONEOS_DEPLOYMENT_TARGET = 18.2;
				LOCALIZATION_PREFERS_STRING_CATALOGS = YES;
				MTL_ENABLE_DEBUG_INFO = INCLUDE_SOURCE;
				MTL_FAST_MATH = YES;
				ONLY_ACTIVE_ARCH = YES;
				SDKROOT = iphoneos;
				SWIFT_ACTIVE_COMPILATION_CONDITIONS = "DEBUG $(inherited)";
				SWIFT_OPTIMIZATION_LEVEL = "-Onone";
			};
			name = Debug;
		};
		68E179DA2D3E6AE100825EE6 /* Release */ = {
			isa = XCBuildConfiguration;
			buildSettings = {
				ALWAYS_SEARCH_USER_PATHS = NO;
				ASSETCATALOG_COMPILER_GENERATE_SWIFT_ASSET_SYMBOL_EXTENSIONS = YES;
				CLANG_ANALYZER_NONNULL = YES;
				CLANG_ANALYZER_NUMBER_OBJECT_CONVERSION = YES_AGGRESSIVE;
				CLANG_CXX_LANGUAGE_STANDARD = "gnu++20";
				CLANG_ENABLE_MODULES = YES;
				CLANG_ENABLE_OBJC_ARC = YES;
				CLANG_ENABLE_OBJC_WEAK = YES;
				CLANG_WARN_BLOCK_CAPTURE_AUTORELEASING = YES;
				CLANG_WARN_BOOL_CONVERSION = YES;
				CLANG_WARN_COMMA = YES;
				CLANG_WARN_CONSTANT_CONVERSION = YES;
				CLANG_WARN_DEPRECATED_OBJC_IMPLEMENTATIONS = YES;
				CLANG_WARN_DIRECT_OBJC_ISA_USAGE = YES_ERROR;
				CLANG_WARN_DOCUMENTATION_COMMENTS = YES;
				CLANG_WARN_EMPTY_BODY = YES;
				CLANG_WARN_ENUM_CONVERSION = YES;
				CLANG_WARN_INFINITE_RECURSION = YES;
				CLANG_WARN_INT_CONVERSION = YES;
				CLANG_WARN_NON_LITERAL_NULL_CONVERSION = YES;
				CLANG_WARN_OBJC_IMPLICIT_RETAIN_SELF = YES;
				CLANG_WARN_OBJC_LITERAL_CONVERSION = YES;
				CLANG_WARN_OBJC_ROOT_CLASS = YES_ERROR;
				CLANG_WARN_QUOTED_INCLUDE_IN_FRAMEWORK_HEADER = YES;
				CLANG_WARN_RANGE_LOOP_ANALYSIS = YES;
				CLANG_WARN_STRICT_PROTOTYPES = YES;
				CLANG_WARN_SUSPICIOUS_MOVE = YES;
				CLANG_WARN_UNGUARDED_AVAILABILITY = YES_AGGRESSIVE;
				CLANG_WARN_UNREACHABLE_CODE = YES;
				CLANG_WARN__DUPLICATE_METHOD_MATCH = YES;
				COPY_PHASE_STRIP = NO;
				DEBUG_INFORMATION_FORMAT = "dwarf-with-dsym";
				ENABLE_NS_ASSERTIONS = NO;
				ENABLE_STRICT_OBJC_MSGSEND = YES;
				ENABLE_USER_SCRIPT_SANDBOXING = YES;
				GCC_C_LANGUAGE_STANDARD = gnu17;
				GCC_NO_COMMON_BLOCKS = YES;
				GCC_WARN_64_TO_32_BIT_CONVERSION = YES;
				GCC_WARN_ABOUT_RETURN_TYPE = YES_ERROR;
				GCC_WARN_UNDECLARED_SELECTOR = YES;
				GCC_WARN_UNINITIALIZED_AUTOS = YES_AGGRESSIVE;
				GCC_WARN_UNUSED_FUNCTION = YES;
				GCC_WARN_UNUSED_VARIABLE = YES;
				IPHONEOS_DEPLOYMENT_TARGET = 18.2;
				LOCALIZATION_PREFERS_STRING_CATALOGS = YES;
				MTL_ENABLE_DEBUG_INFO = NO;
				MTL_FAST_MATH = YES;
				SDKROOT = iphoneos;
				SWIFT_COMPILATION_MODE = wholemodule;
				VALIDATE_PRODUCT = YES;
			};
			name = Release;
		};
		68E179DC2D3E6AE100825EE6 /* Debug */ = {
			isa = XCBuildConfiguration;
			buildSettings = {
				ASSETCATALOG_COMPILER_APPICON_NAME = AppIcon;
				ASSETCATALOG_COMPILER_GLOBAL_ACCENT_COLOR_NAME = AccentColor;
				CODE_SIGN_STYLE = Automatic;
				CURRENT_PROJECT_VERSION = 1;
				DEVELOPMENT_ASSET_PATHS = "\"Quiz_Cap/Preview Content\"";
				ENABLE_PREVIEWS = YES;
				GENERATE_INFOPLIST_FILE = YES;
				INFOPLIST_KEY_UIApplicationSceneManifest_Generation = YES;
				INFOPLIST_KEY_UIApplicationSupportsIndirectInputEvents = YES;
				INFOPLIST_KEY_UILaunchScreen_Generation = YES;
				INFOPLIST_KEY_UISupportedInterfaceOrientations_iPad = "UIInterfaceOrientationPortrait UIInterfaceOrientationPortraitUpsideDown UIInterfaceOrientationLandscapeLeft UIInterfaceOrientationLandscapeRight";
				INFOPLIST_KEY_UISupportedInterfaceOrientations_iPhone = "UIInterfaceOrientationPortrait UIInterfaceOrientationLandscapeLeft UIInterfaceOrientationLandscapeRight";
				LD_RUNPATH_SEARCH_PATHS = (
					"$(inherited)",
					"@executable_path/Frameworks",
				);
				MARKETING_VERSION = 1.0;
				PRODUCT_BUNDLE_IDENTIFIER = "vivace.Quiz-Cap";
				PRODUCT_NAME = "$(TARGET_NAME)";
				SWIFT_EMIT_LOC_STRINGS = YES;
				SWIFT_VERSION = 5.0;
				TARGETED_DEVICE_FAMILY = "1,2";
			};
			name = Debug;
		};
		68E179DD2D3E6AE100825EE6 /* Release */ = {
			isa = XCBuildConfiguration;
			buildSettings = {
				ASSETCATALOG_COMPILER_APPICON_NAME = AppIcon;
				ASSETCATALOG_COMPILER_GLOBAL_ACCENT_COLOR_NAME = AccentColor;
				CODE_SIGN_STYLE = Automatic;
				CURRENT_PROJECT_VERSION = 1;
				DEVELOPMENT_ASSET_PATHS = "\"Quiz_Cap/Preview Content\"";
				ENABLE_PREVIEWS = YES;
				GENERATE_INFOPLIST_FILE = YES;
				INFOPLIST_KEY_UIApplicationSceneManifest_Generation = YES;
				INFOPLIST_KEY_UIApplicationSupportsIndirectInputEvents = YES;
				INFOPLIST_KEY_UILaunchScreen_Generation = YES;
				INFOPLIST_KEY_UISupportedInterfaceOrientations_iPad = "UIInterfaceOrientationPortrait UIInterfaceOrientationPortraitUpsideDown UIInterfaceOrientationLandscapeLeft UIInterfaceOrientationLandscapeRight";
				INFOPLIST_KEY_UISupportedInterfaceOrientations_iPhone = "UIInterfaceOrientationPortrait UIInterfaceOrientationLandscapeLeft UIInterfaceOrientationLandscapeRight";
				LD_RUNPATH_SEARCH_PATHS = (
					"$(inherited)",
					"@executable_path/Frameworks",
				);
				MARKETING_VERSION = 1.0;
				PRODUCT_BUNDLE_IDENTIFIER = "vivace.Quiz-Cap";
				PRODUCT_NAME = "$(TARGET_NAME)";
				SWIFT_EMIT_LOC_STRINGS = YES;
				SWIFT_VERSION = 5.0;
				TARGETED_DEVICE_FAMILY = "1,2";
			};
			name = Release;
		};
		68E179DF2D3E6AE100825EE6 /* Debug */ = {
			isa = XCBuildConfiguration;
			buildSettings = {
				BUNDLE_LOADER = "$(TEST_HOST)";
				CODE_SIGN_STYLE = Automatic;
				CURRENT_PROJECT_VERSION = 1;
				GENERATE_INFOPLIST_FILE = YES;
				IPHONEOS_DEPLOYMENT_TARGET = 18.2;
				MARKETING_VERSION = 1.0;
				PRODUCT_BUNDLE_IDENTIFIER = "vivace.Quiz-CapTests";
				PRODUCT_NAME = "$(TARGET_NAME)";
				SWIFT_EMIT_LOC_STRINGS = NO;
				SWIFT_VERSION = 5.0;
				TARGETED_DEVICE_FAMILY = "1,2";
				TEST_HOST = "$(BUILT_PRODUCTS_DIR)/Quiz_Cap.app/$(BUNDLE_EXECUTABLE_FOLDER_PATH)/Quiz_Cap";
			};
			name = Debug;
		};
		68E179E02D3E6AE100825EE6 /* Release */ = {
			isa = XCBuildConfiguration;
			buildSettings = {
				BUNDLE_LOADER = "$(TEST_HOST)";
				CODE_SIGN_STYLE = Automatic;
				CURRENT_PROJECT_VERSION = 1;
				GENERATE_INFOPLIST_FILE = YES;
				IPHONEOS_DEPLOYMENT_TARGET = 18.2;
				MARKETING_VERSION = 1.0;
				PRODUCT_BUNDLE_IDENTIFIER = "vivace.Quiz-CapTests";
				PRODUCT_NAME = "$(TARGET_NAME)";
				SWIFT_EMIT_LOC_STRINGS = NO;
				SWIFT_VERSION = 5.0;
				TARGETED_DEVICE_FAMILY = "1,2";
				TEST_HOST = "$(BUILT_PRODUCTS_DIR)/Quiz_Cap.app/$(BUNDLE_EXECUTABLE_FOLDER_PATH)/Quiz_Cap";
			};
			name = Release;
		};
		68E179E22D3E6AE100825EE6 /* Debug */ = {
			isa = XCBuildConfiguration;
			buildSettings = {
				CODE_SIGN_STYLE = Automatic;
				CURRENT_PROJECT_VERSION = 1;
				GENERATE_INFOPLIST_FILE = YES;
				MARKETING_VERSION = 1.0;
				PRODUCT_BUNDLE_IDENTIFIER = "vivace.Quiz-CapUITests";
				PRODUCT_NAME = "$(TARGET_NAME)";
				SWIFT_EMIT_LOC_STRINGS = NO;
				SWIFT_VERSION = 5.0;
				TARGETED_DEVICE_FAMILY = "1,2";
				TEST_TARGET_NAME = Quiz_Cap;
			};
			name = Debug;
		};
		68E179E32D3E6AE100825EE6 /* Release */ = {
			isa = XCBuildConfiguration;
			buildSettings = {
				CODE_SIGN_STYLE = Automatic;
				CURRENT_PROJECT_VERSION = 1;
				GENERATE_INFOPLIST_FILE = YES;
				MARKETING_VERSION = 1.0;
				PRODUCT_BUNDLE_IDENTIFIER = "vivace.Quiz-CapUITests";
				PRODUCT_NAME = "$(TARGET_NAME)";
				SWIFT_EMIT_LOC_STRINGS = NO;
				SWIFT_VERSION = 5.0;
				TARGETED_DEVICE_FAMILY = "1,2";
				TEST_TARGET_NAME = Quiz_Cap;
			};
			name = Release;
		};
/* End XCBuildConfiguration section */

/* Begin XCConfigurationList section */
		68E179B22D3E6AE000825EE6 /* Build configuration list for PBXProject "Quiz_Cap" */ = {
			isa = XCConfigurationList;
			buildConfigurations = (
				68E179D92D3E6AE100825EE6 /* Debug */,
				68E179DA2D3E6AE100825EE6 /* Release */,
			);
			defaultConfigurationIsVisible = 0;
			defaultConfigurationName = Release;
		};
		68E179DB2D3E6AE100825EE6 /* Build configuration list for PBXNativeTarget "Quiz_Cap" */ = {
			isa = XCConfigurationList;
			buildConfigurations = (
				68E179DC2D3E6AE100825EE6 /* Debug */,
				68E179DD2D3E6AE100825EE6 /* Release */,
			);
			defaultConfigurationIsVisible = 0;
			defaultConfigurationName = Release;
		};
		68E179DE2D3E6AE100825EE6 /* Build configuration list for PBXNativeTarget "Quiz_CapTests" */ = {
			isa = XCConfigurationList;
			buildConfigurations = (
				68E179DF2D3E6AE100825EE6 /* Debug */,
				68E179E02D3E6AE100825EE6 /* Release */,
			);
			defaultConfigurationIsVisible = 0;
			defaultConfigurationName = Release;
		};
		68E179E12D3E6AE100825EE6 /* Build configuration list for PBXNativeTarget "Quiz_CapUITests" */ = {
			isa = XCConfigurationList;
			buildConfigurations = (
				68E179E22D3E6AE100825EE6 /* Debug */,
				68E179E32D3E6AE100825EE6 /* Release */,
			);
			defaultConfigurationIsVisible = 0;
			defaultConfigurationName = Release;
		};
/* End XCConfigurationList section */
	};
	rootObject = 68E179AF2D3E6AE000825EE6 /* Project object */;
}
